
Microsoft Visual Studio Solution File, Format Version 12.00
# Visual Studio Version 17
VisualStudioVersion = 17.4.33122.133
MinimumVisualStudioVersion = 10.0.40219.1
Project("{9A19103F-16F7-4668-BE54-9A1E7A4F7556}") = "Esfe.Store.EN", "Esfe.Store.EN\Esfe.Store.EN.csproj", "{91CF3DA8-5F5D-4FC1-B060-43F85FE2FF24}"
EndProject
Project("{9A19103F-16F7-4668-BE54-9A1E7A4F7556}") = "Esfe.StoreDAL", "Esfe.StoreDAL\Esfe.StoreDAL.csproj", "{FFB888D6-CED6-445C-9950-4FC8E2FD492C}"
EndProject
Project("{FAE04EC0-301F-11D3-BF4B-00C04F79EFBC}") = "Esfe.StoreBL", "Esfe.StoreBL\Esfe.StoreBL.csproj", "{437093BA-0683-4F12-BAA6-7AD08135A387}"
EndProject
Project("{FAE04EC0-301F-11D3-BF4B-00C04F79EFBC}") = "Esfe.Store.WpfApp", "Esfe.Store.WpfApp\Esfe.Store.WpfApp.csproj", "{0B1E1D78-ECF5-41D0-98DB-94D8F7C7434E}"
EndProject
Global
	GlobalSection(SolutionConfigurationPlatforms) = preSolution
		Debug|Any CPU = Debug|Any CPU
		Release|Any CPU = Release|Any CPU
	EndGlobalSection
	GlobalSection(ProjectConfigurationPlatforms) = postSolution
		{91CF3DA8-5F5D-4FC1-B060-43F85FE2FF24}.Debug|Any CPU.ActiveCfg = Debug|Any CPU
		{91CF3DA8-5F5D-4FC1-B060-43F85FE2FF24}.Debug|Any CPU.Build.0 = Debug|Any CPU
		{91CF3DA8-5F5D-4FC1-B060-43F85FE2FF24}.Release|Any CPU.ActiveCfg = Release|Any CPU
		{91CF3DA8-5F5D-4FC1-B060-43F85FE2FF24}.Release|Any CPU.Build.0 = Release|Any CPU
		{FFB888D6-CED6-445C-9950-4FC8E2FD492C}.Debug|Any CPU.ActiveCfg = Debug|Any CPU
		{FFB888D6-CED6-445C-9950-4FC8E2FD492C}.Debug|Any CPU.Build.0 = Debug|Any CPU
		{FFB888D6-CED6-445C-9950-4FC8E2FD492C}.Release|Any CPU.ActiveCfg = Release|Any CPU
		{FFB888D6-CED6-445C-9950-4FC8E2FD492C}.Release|Any CPU.Build.0 = Release|Any CPU
		{437093BA-0683-4F12-BAA6-7AD08135A387}.Debug|Any CPU.ActiveCfg = Debug|Any CPU
		{437093BA-0683-4F12-BAA6-7AD08135A387}.Debug|Any CPU.Build.0 = Debug|Any CPU
		{437093BA-0683-4F12-BAA6-7AD08135A387}.Release|Any CPU.ActiveCfg = Release|Any CPU
		{437093BA-0683-4F12-BAA6-7AD08135A387}.Release|Any CPU.Build.0 = Release|Any CPU
		{0B1E1D78-ECF5-41D0-98DB-94D8F7C7434E}.Debug|Any CPU.ActiveCfg = Debug|Any CPU
		{0B1E1D78-ECF5-41D0-98DB-94D8F7C7434E}.Debug|Any CPU.Build.0 = Debug|Any CPU
		{0B1E1D78-ECF5-41D0-98DB-94D8F7C7434E}.Release|Any CPU.ActiveCfg = Release|Any CPU
		{0B1E1D78-ECF5-41D0-98DB-94D8F7C7434E}.Release|Any CPU.Build.0 = Release|Any CPU
	EndGlobalSection
	GlobalSection(SolutionProperties) = preSolution
		HideSolutionNode = FALSE
	EndGlobalSection
	GlobalSection(ExtensibilityGlobals) = postSolution
		SolutionGuid = {1231D9D5-3CFA-4F97-BB31-66C8292D3768}
	EndGlobalSection
EndGlobal
